<?xml version="1.0" encoding="utf-8"?>
<Project ToolsVersion="4.0" xmlns="http://schemas.microsoft.com/developer/msbuild/2003">
  <ItemGroup>
    <Filter Include="Source Files">
      <UniqueIdentifier>{4FC737F1-C7A5-4376-A066-2A32D752A2FF}</UniqueIdentifier>
      <Extensions>cpp;c;cc;cxx;def;odl;idl;hpj;bat;asm;asmx</Extensions>
    </Filter>
    <Filter Include="Header Files">
      <UniqueIdentifier>{93995380-89BD-4b04-88EB-625FBE52EBFB}</UniqueIdentifier>
      <Extensions>h;hh;hpp;hxx;hm;inl;inc;xsd</Extensions>
    </Filter>
    <Filter Include="Resource Files">
      <UniqueIdentifier>{67DA6AB6-F800-4c08-8B7A-83BB121AAD01}</UniqueIdentifier>
      <Extensions>rc;ico;cur;bmp;dlg;rc2;rct;bin;rgs;gif;jpg;jpeg;jpe;resx;tiff;tif;png;wav</Extensions>
    </Filter>
  </ItemGroup>
  <ItemGroup>
    <ClCompile Include="ArbolB.cpp">
      <Filter>Source Files</Filter>
    </ClCompile>
    <ClCompile Include="ArbolRadix.cpp">
      <Filter>Source Files</Filter>
    </ClCompile>
    <ClCompile Include="Busquedas.cpp">
      <Filter>Source Files</Filter>
    </ClCompile>
    <ClCompile Include="Generaciones.cpp">
      <Filter>Source Files</Filter>
    </ClCompile>
    <ClCompile Include="Lista.cpp">
      <Filter>Source Files</Filter>
    </ClCompile>
    <ClCompile Include="main.cpp">
      <Filter>Source Files</Filter>
    </ClCompile>
    <ClCompile Include="Menus.cpp">
      <Filter>Source Files</Filter>
    </ClCompile>
    <ClCompile Include="NodoArbolB.cpp">
      <Filter>Source Files</Filter>
    </ClCompile>
    <ClCompile Include="Ordenamientos.cpp">
      <Filter>Source Files</Filter>
    </ClCompile>
    <ClCompile Include="Validacion.cpp">
      <Filter>Source Files</Filter>
    </ClCompile>
    <ClCompile Include="project13\project13\Generaciones.cpp">
      <Filter>Source Files</Filter>
    </ClCompile>
    <ClCompile Include="project13\project13\Lista.cpp">
      <Filter>Source Files</Filter>
    </ClCompile>
    <ClCompile Include="project13\project13\main.cpp">
      <Filter>Source Files</Filter>
    </ClCompile>
    <ClCompile Include="project13\project13\MenuShell.cpp">
      <Filter>Source Files</Filter>
    </ClCompile>
    <ClCompile Include="project13\project13\Ordenamientos.cpp">
      <Filter>Source Files</Filter>
    </ClCompile>
  </ItemGroup>
  <ItemGroup>
    <ClInclude Include="ArbolB.h">
      <Filter>Header Files</Filter>
    </ClInclude>
    <ClInclude Include="ArbolRadix.h">
      <Filter>Header Files</Filter>
    </ClInclude>
    <ClInclude Include="Busquedas.h">
      <Filter>Header Files</Filter>
    </ClInclude>
    <ClInclude Include="Generaciones.h">
      <Filter>Header Files</Filter>
    </ClInclude>
    <ClInclude Include="Hash.h">
      <Filter>Header Files</Filter>
    </ClInclude>
    <ClInclude Include="I_Mezclar.h">
      <Filter>Header Files</Filter>
    </ClInclude>
    <ClInclude Include="Lista.h">
      <Filter>Header Files</Filter>
    </ClInclude>
    <ClInclude Include="Menus.h">
      <Filter>Header Files</Filter>
    </ClInclude>
    <ClInclude Include="Nodo.h">
      <Filter>Header Files</Filter>
    </ClInclude>
    <ClInclude Include="NodoArbolB.h">
      <Filter>Header Files</Filter>
    </ClInclude>
    <ClInclude Include="NodoArbolRadix.h">
      <Filter>Header Files</Filter>
    </ClInclude>
    <ClInclude Include="Ordenamientos.h">
      <Filter>Header Files</Filter>
    </ClInclude>
    <ClInclude Include="Persona.h">
      <Filter>Header Files</Filter>
    </ClInclude>
    <ClInclude Include="Pila.h">
      <Filter>Header Files</Filter>
    </ClInclude>
    <ClInclude Include="Validacion.h">
      <Filter>Header Files</Filter>
    </ClInclude>
    <ClInclude Include="project13\project13\Generaciones.h">
      <Filter>Header Files</Filter>
    </ClInclude>
    <ClInclude Include="project13\project13\I_Mezclar.h">
      <Filter>Header Files</Filter>
    </ClInclude>
    <ClInclude Include="project13\project13\Lista.h">
      <Filter>Header Files</Filter>
    </ClInclude>
    <ClInclude Include="project13\project13\MenuShell.h">
      <Filter>Header Files</Filter>
    </ClInclude>
    <ClInclude Include="project13\project13\Nodo.h">
      <Filter>Header Files</Filter>
    </ClInclude>
    <ClInclude Include="project13\project13\Ordenamientos.h">
      <Filter>Header Files</Filter>
    </ClInclude>
    <ClInclude Include="project13\project13\Persona.h">
      <Filter>Header Files</Filter>
    </ClInclude>
    <ClInclude Include="project13\project13\Validacion.h">
      <Filter>Header Files</Filter>
    </ClInclude>
  </ItemGroup>
</Project>